
Microsoft Visual Studio Solution File, Format Version 12.00
# Visual Studio 2013
VisualStudioVersion = 12.0.30723.0
MinimumVisualStudioVersion = 10.0.40219.1
Project("{FAE04EC0-301F-11D3-BF4B-00C04F79EFBC}") = "King.BTrak.Core", "King.B-Trak\King.BTrak.Core.csproj", "{416CE6C0-DA4D-44A4-9E98-A8B7A8B17F16}"
EndProject
Project("{FAE04EC0-301F-11D3-BF4B-00C04F79EFBC}") = "King.BTrak.Program", "King.BTrak.Program\King.BTrak.Program.csproj", "{A5D70140-4EF9-44F3-A223-958334711FD1}"
EndProject
Project("{2150E333-8FDC-42A3-9474-1A3956D46DE8}") = "Test", "Test", "{3C3F7E76-7CB4-4EFB-A139-3080A795551B}"
EndProject
Project("{FAE04EC0-301F-11D3-BF4B-00C04F79EFBC}") = "King.BTrak.Unit.Test", "King.BTrak.Unit.Test\King.BTrak.Unit.Test.csproj", "{988E2BD5-E04A-4D4D-8833-7989E7CF829F}"
EndProject
Project("{FAE04EC0-301F-11D3-BF4B-00C04F79EFBC}") = "King.BTrak.Integration.Test", "King.BTrak.Integration.Test\King.BTrak.Integration.Test.csproj", "{A0522D30-E6E6-4F4E-9406-F926E73994FF}"
EndProject
Project("{00D1A9C2-B5F0-4AF3-8072-F6C62B433612}") = "King.BTrak.Data", "King.BTrak.Data\King.BTrak.Data.sqlproj", "{B6D387A1-8ACC-4E31-A934-EA8DBA4F8852}"
EndProject
Project("{2150E333-8FDC-42A3-9474-1A3956D46DE8}") = ".nuget", ".nuget", "{3DB9CBF4-47DA-4AFC-A9E1-B552861B03E0}"
	ProjectSection(SolutionItems) = preProject
		.nuget\NuGet.Config = .nuget\NuGet.Config
		.nuget\NuGet.exe = .nuget\NuGet.exe
		.nuget\NuGet.targets = .nuget\NuGet.targets
	EndProjectSection
EndProject
Project("{2150E333-8FDC-42A3-9474-1A3956D46DE8}") = "Data", "Data", "{9C7527F1-8125-4C7D-A71B-E891F8EA84B4}"
EndProject
Project("{00D1A9C2-B5F0-4AF3-8072-F6C62B433612}") = "King.BTrak.Schema", "King.BTrak.Schema\King.BTrak.Schema.sqlproj", "{6BBB37B8-1423-42CA-BD90-DD5B343C8570}"
EndProject
Project("{2150E333-8FDC-42A3-9474-1A3956D46DE8}") = "Examples", "Examples", "{3EC5D934-954A-4184-A0FC-BB881C04AA01}"
EndProject
Global
	GlobalSection(SolutionConfigurationPlatforms) = preSolution
		Debug|Any CPU = Debug|Any CPU
		Release|Any CPU = Release|Any CPU
	EndGlobalSection
	GlobalSection(ProjectConfigurationPlatforms) = postSolution
		{416CE6C0-DA4D-44A4-9E98-A8B7A8B17F16}.Debug|Any CPU.ActiveCfg = Debug|Any CPU
		{416CE6C0-DA4D-44A4-9E98-A8B7A8B17F16}.Debug|Any CPU.Build.0 = Debug|Any CPU
		{416CE6C0-DA4D-44A4-9E98-A8B7A8B17F16}.Release|Any CPU.ActiveCfg = Release|Any CPU
		{416CE6C0-DA4D-44A4-9E98-A8B7A8B17F16}.Release|Any CPU.Build.0 = Release|Any CPU
		{A5D70140-4EF9-44F3-A223-958334711FD1}.Debug|Any CPU.ActiveCfg = Debug|Any CPU
		{A5D70140-4EF9-44F3-A223-958334711FD1}.Debug|Any CPU.Build.0 = Debug|Any CPU
		{A5D70140-4EF9-44F3-A223-958334711FD1}.Release|Any CPU.ActiveCfg = Release|Any CPU
		{A5D70140-4EF9-44F3-A223-958334711FD1}.Release|Any CPU.Build.0 = Release|Any CPU
		{988E2BD5-E04A-4D4D-8833-7989E7CF829F}.Debug|Any CPU.ActiveCfg = Debug|Any CPU
		{988E2BD5-E04A-4D4D-8833-7989E7CF829F}.Debug|Any CPU.Build.0 = Debug|Any CPU
		{988E2BD5-E04A-4D4D-8833-7989E7CF829F}.Release|Any CPU.ActiveCfg = Release|Any CPU
		{988E2BD5-E04A-4D4D-8833-7989E7CF829F}.Release|Any CPU.Build.0 = Release|Any CPU
		{A0522D30-E6E6-4F4E-9406-F926E73994FF}.Debug|Any CPU.ActiveCfg = Debug|Any CPU
		{A0522D30-E6E6-4F4E-9406-F926E73994FF}.Debug|Any CPU.Build.0 = Debug|Any CPU
		{A0522D30-E6E6-4F4E-9406-F926E73994FF}.Release|Any CPU.ActiveCfg = Release|Any CPU
		{A0522D30-E6E6-4F4E-9406-F926E73994FF}.Release|Any CPU.Build.0 = Release|Any CPU
		{B6D387A1-8ACC-4E31-A934-EA8DBA4F8852}.Debug|Any CPU.ActiveCfg = Debug|Any CPU
		{B6D387A1-8ACC-4E31-A934-EA8DBA4F8852}.Debug|Any CPU.Build.0 = Debug|Any CPU
		{B6D387A1-8ACC-4E31-A934-EA8DBA4F8852}.Debug|Any CPU.Deploy.0 = Debug|Any CPU
		{B6D387A1-8ACC-4E31-A934-EA8DBA4F8852}.Release|Any CPU.ActiveCfg = Release|Any CPU
		{B6D387A1-8ACC-4E31-A934-EA8DBA4F8852}.Release|Any CPU.Build.0 = Release|Any CPU
		{B6D387A1-8ACC-4E31-A934-EA8DBA4F8852}.Release|Any CPU.Deploy.0 = Release|Any CPU
		{6BBB37B8-1423-42CA-BD90-DD5B343C8570}.Debug|Any CPU.ActiveCfg = Debug|Any CPU
		{6BBB37B8-1423-42CA-BD90-DD5B343C8570}.Debug|Any CPU.Build.0 = Debug|Any CPU
		{6BBB37B8-1423-42CA-BD90-DD5B343C8570}.Debug|Any CPU.Deploy.0 = Debug|Any CPU
		{6BBB37B8-1423-42CA-BD90-DD5B343C8570}.Release|Any CPU.ActiveCfg = Release|Any CPU
		{6BBB37B8-1423-42CA-BD90-DD5B343C8570}.Release|Any CPU.Build.0 = Release|Any CPU
		{6BBB37B8-1423-42CA-BD90-DD5B343C8570}.Release|Any CPU.Deploy.0 = Release|Any CPU
	EndGlobalSection
	GlobalSection(SolutionProperties) = preSolution
		HideSolutionNode = FALSE
	EndGlobalSection
	GlobalSection(NestedProjects) = preSolution
		{A5D70140-4EF9-44F3-A223-958334711FD1} = {3EC5D934-954A-4184-A0FC-BB881C04AA01}
		{988E2BD5-E04A-4D4D-8833-7989E7CF829F} = {3C3F7E76-7CB4-4EFB-A139-3080A795551B}
		{A0522D30-E6E6-4F4E-9406-F926E73994FF} = {3C3F7E76-7CB4-4EFB-A139-3080A795551B}
		{B6D387A1-8ACC-4E31-A934-EA8DBA4F8852} = {3C3F7E76-7CB4-4EFB-A139-3080A795551B}
		{6BBB37B8-1423-42CA-BD90-DD5B343C8570} = {9C7527F1-8125-4C7D-A71B-E891F8EA84B4}
	EndGlobalSection
EndGlobal
